
Microsoft Visual Studio Solution File, Format Version 12.00
# Visual Studio Version 17
VisualStudioVersion = 17.13.35919.96
MinimumVisualStudioVersion = 10.0.40219.1
Project("{FAE04EC0-301F-11D3-BF4B-00C04F79EFBC}") = "MyGithubActionBot", "MyGithubActionBot\MyGithubActionBot.csproj", "{4ABA78D2-FB41-9011-FC7A-AFCB0ABF5878}"
EndProject
Project("{FAE04EC0-301F-11D3-BF4B-00C04F79EFBC}") = "MyGithubActionBot.Tests", "MyGithubActionBot.Tests\MyGithubActionBot.Tests.csproj", "{B8877DBC-4279-19C9-75B6-4034F947E0DA}"
EndProject
Project("{2150E333-8FDC-42A3-9474-1A3956D46DE8}") = "Solution Items", "Solution Items", "{8EC462FD-D22E-90A8-E5CE-7E832BA40C5D}"
	ProjectSection(SolutionItems) = preProject
		.editorconfig = .editorconfig
	EndProjectSection
EndProject
Project("{FAE04EC0-301F-11D3-BF4B-00C04F79EFBC}") = "PullRequestHelper.Desktop", "PullRequestHelper.Desktop\PullRequestHelper.Desktop.csproj", "{AE2714EF-04C4-456B-B928-D7EC3465A035}"
EndProject
Project("{FAE04EC0-301F-11D3-BF4B-00C04F79EFBC}") = "PullRequestHelper.Core", "PullRequestHelper.Core\PullRequestHelper.Core.csproj", "{254895E3-26FC-4FB8-842E-95F1602E2117}"
EndProject
Global
	GlobalSection(SolutionConfigurationPlatforms) = preSolution
		Debug|Any CPU = Debug|Any CPU
		Release|Any CPU = Release|Any CPU
	EndGlobalSection
	GlobalSection(ProjectConfigurationPlatforms) = postSolution
		{4ABA78D2-FB41-9011-FC7A-AFCB0ABF5878}.Debug|Any CPU.ActiveCfg = Debug|Any CPU
		{4ABA78D2-FB41-9011-FC7A-AFCB0ABF5878}.Debug|Any CPU.Build.0 = Debug|Any CPU
		{4ABA78D2-FB41-9011-FC7A-AFCB0ABF5878}.Release|Any CPU.ActiveCfg = Release|Any CPU
		{4ABA78D2-FB41-9011-FC7A-AFCB0ABF5878}.Release|Any CPU.Build.0 = Release|Any CPU
		{B8877DBC-4279-19C9-75B6-4034F947E0DA}.Debug|Any CPU.ActiveCfg = Debug|Any CPU
		{B8877DBC-4279-19C9-75B6-4034F947E0DA}.Debug|Any CPU.Build.0 = Debug|Any CPU
		{B8877DBC-4279-19C9-75B6-4034F947E0DA}.Release|Any CPU.ActiveCfg = Release|Any CPU
		{B8877DBC-4279-19C9-75B6-4034F947E0DA}.Release|Any CPU.Build.0 = Release|Any CPU
		{AE2714EF-04C4-456B-B928-D7EC3465A035}.Debug|Any CPU.ActiveCfg = Debug|Any CPU
		{AE2714EF-04C4-456B-B928-D7EC3465A035}.Debug|Any CPU.Build.0 = Debug|Any CPU
		{AE2714EF-04C4-456B-B928-D7EC3465A035}.Release|Any CPU.ActiveCfg = Release|Any CPU
		{AE2714EF-04C4-456B-B928-D7EC3465A035}.Release|Any CPU.Build.0 = Release|Any CPU
		{254895E3-26FC-4FB8-842E-95F1602E2117}.Debug|Any CPU.ActiveCfg = Debug|Any CPU
		{254895E3-26FC-4FB8-842E-95F1602E2117}.Debug|Any CPU.Build.0 = Debug|Any CPU
		{254895E3-26FC-4FB8-842E-95F1602E2117}.Release|Any CPU.ActiveCfg = Release|Any CPU
		{254895E3-26FC-4FB8-842E-95F1602E2117}.Release|Any CPU.Build.0 = Release|Any CPU
	EndGlobalSection
	GlobalSection(SolutionProperties) = preSolution
		HideSolutionNode = FALSE
	EndGlobalSection
	GlobalSection(ExtensibilityGlobals) = postSolution
		SolutionGuid = {A8069575-1992-4CCD-A12F-A9F8FA26D92D}
	EndGlobalSection
EndGlobal
